// !$*UTF8*$!
{
	archiveVersion = 1;
	classes = {
	};
	objectVersion = 50;
	objects = {

/* Begin PBXBuildFile section */
		95773AC224D1B6D0008CB6DD /* AppDelegate.swift in Sources */ = {isa = PBXBuildFile; fileRef = 95773AC124D1B6D0008CB6DD /* AppDelegate.swift */; };
		95773AC424D1B6D0008CB6DD /* SceneDelegate.swift in Sources */ = {isa = PBXBuildFile; fileRef = 95773AC324D1B6D0008CB6DD /* SceneDelegate.swift */; };
		95773AC624D1B6D0008CB6DD /* ContentView.swift in Sources */ = {isa = PBXBuildFile; fileRef = 95773AC524D1B6D0008CB6DD /* ContentView.swift */; };
		95773AC824D1B6D1008CB6DD /* Assets.xcassets in Resources */ = {isa = PBXBuildFile; fileRef = 95773AC724D1B6D1008CB6DD /* Assets.xcassets */; };
		95773ACB24D1B6D1008CB6DD /* Preview Assets.xcassets in Resources */ = {isa = PBXBuildFile; fileRef = 95773ACA24D1B6D1008CB6DD /* Preview Assets.xcassets */; };
		95773ACE24D1B6D1008CB6DD /* LaunchScreen.storyboard in Resources */ = {isa = PBXBuildFile; fileRef = 95773ACC24D1B6D1008CB6DD /* LaunchScreen.storyboard */; };
		95773AD924D1B6D1008CB6DD /* CaloriesTests.swift in Sources */ = {isa = PBXBuildFile; fileRef = 95773AD824D1B6D1008CB6DD /* CaloriesTests.swift */; };
/* End PBXBuildFile section */

/* Begin PBXContainerItemProxy section */
		95773AD524D1B6D1008CB6DD /* PBXContainerItemProxy */ = {
			isa = PBXContainerItemProxy;
			containerPortal = 95773AB624D1B6D0008CB6DD /* Project object */;
			proxyType = 1;
			remoteGlobalIDString = 95773ABD24D1B6D0008CB6DD;
			remoteInfo = Calories;
		};
/* End PBXContainerItemProxy section */

/* Begin PBXFileReference section */
		95773ABE24D1B6D0008CB6DD /* Calories.app */ = {isa = PBXFileReference; explicitFileType = wrapper.application; includeInIndex = 0; path = Calories.app; sourceTree = BUILT_PRODUCTS_DIR; };
		95773AC124D1B6D0008CB6DD /* AppDelegate.swift */ = {isa = PBXFileReference; lastKnownFileType = sourcecode.swift; path = AppDelegate.swift; sourceTree = "<group>"; };
		95773AC324D1B6D0008CB6DD /* SceneDelegate.swift */ = {isa = PBXFileReference; lastKnownFileType = sourcecode.swift; path = SceneDelegate.swift; sourceTree = "<group>"; };
		95773AC524D1B6D0008CB6DD /* ContentView.swift */ = {isa = PBXFileReference; lastKnownFileType = sourcecode.swift; path = ContentView.swift; sourceTree = "<group>"; };
		95773AC724D1B6D1008CB6DD /* Assets.xcassets */ = {isa = PBXFileReference; lastKnownFileType = folder.assetcatalog; path = Assets.xcassets; sourceTree = "<group>"; };
		95773ACA24D1B6D1008CB6DD /* Preview Assets.xcassets */ = {isa = PBXFileReference; lastKnownFileType = folder.assetcatalog; path = "Preview Assets.xcassets"; sourceTree = "<group>"; };
		95773ACD24D1B6D1008CB6DD /* Base */ = {isa = PBXFileReference; lastKnownFileType = file.storyboard; name = Base; path = Base.lproj/LaunchScreen.storyboard; sourceTree = "<group>"; };
		95773ACF24D1B6D1008CB6DD /* Info.plist */ = {isa = PBXFileReference; lastKnownFileType = text.plist.xml; path = Info.plist; sourceTree = "<group>"; };
		95773AD424D1B6D1008CB6DD /* CaloriesTests.xctest */ = {isa = PBXFileReference; explicitFileType = wrapper.cfbundle; includeInIndex = 0; path = CaloriesTests.xctest; sourceTree = BUILT_PRODUCTS_DIR; };
		95773AD824D1B6D1008CB6DD /* CaloriesTests.swift */ = {isa = PBXFileReference; lastKnownFileType = sourcecode.swift; path = CaloriesTests.swift; sourceTree = "<group>"; };
		95773ADA24D1B6D1008CB6DD /* Info.plist */ = {isa = PBXFileReference; lastKnownFileType = text.plist.xml; path = Info.plist; sourceTree = "<group>"; };
/* End PBXFileReference section */

/* Begin PBXFrameworksBuildPhase section */
		95773ABB24D1B6D0008CB6DD /* Frameworks */ = {
			isa = PBXFrameworksBuildPhase;
			buildActionMask = 2147483647;
			files = (
			);
			runOnlyForDeploymentPostprocessing = 0;
		};
		95773AD124D1B6D1008CB6DD /* Frameworks */ = {
			isa = PBXFrameworksBuildPhase;
			buildActionMask = 2147483647;
			files = (
			);
			runOnlyForDeploymentPostprocessing = 0;
		};
/* End PBXFrameworksBuildPhase section */

/* Begin PBXGroup section */
		95773AB524D1B6D0008CB6DD = {
			isa = PBXGroup;
			children = (
				95773AC024D1B6D0008CB6DD /* Calories */,
				95773AD724D1B6D1008CB6DD /* CaloriesTests */,
				95773ABF24D1B6D0008CB6DD /* Products */,
			);
			sourceTree = "<group>";
		};
		95773ABF24D1B6D0008CB6DD /* Products */ = {
			isa = PBXGroup;
			children = (
				95773ABE24D1B6D0008CB6DD /* Calories.app */,
				95773AD424D1B6D1008CB6DD /* CaloriesTests.xctest */,
			);
			name = Products;
			sourceTree = "<group>";
		};
		95773AC024D1B6D0008CB6DD /* Calories */ = {
			isa = PBXGroup;
			children = (
				95773AC124D1B6D0008CB6DD /* AppDelegate.swift */,
				95773AC324D1B6D0008CB6DD /* SceneDelegate.swift */,
				95773AC524D1B6D0008CB6DD /* ContentView.swift */,
				95773AC724D1B6D1008CB6DD /* Assets.xcassets */,
				95773ACC24D1B6D1008CB6DD /* LaunchScreen.storyboard */,
				95773ACF24D1B6D1008CB6DD /* Info.plist */,
				95773AC924D1B6D1008CB6DD /* Preview Content */,
			);
			path = Calories;
			sourceTree = "<group>";
		};
		95773AC924D1B6D1008CB6DD /* Preview Content */ = {
			isa = PBXGroup;
			children = (
				95773ACA24D1B6D1008CB6DD /* Preview Assets.xcassets */,
			);
			path = "Preview Content";
			sourceTree = "<group>";
		};
		95773AD724D1B6D1008CB6DD /* CaloriesTests */ = {
			isa = PBXGroup;
			children = (
				95773AD824D1B6D1008CB6DD /* CaloriesTests.swift */,
				95773ADA24D1B6D1008CB6DD /* Info.plist */,
			);
			path = CaloriesTests;
			sourceTree = "<group>";
		};
/* End PBXGroup section */

/* Begin PBXNativeTarget section */
		95773ABD24D1B6D0008CB6DD /* Calories */ = {
			isa = PBXNativeTarget;
			buildConfigurationList = 95773ADD24D1B6D1008CB6DD /* Build configuration list for PBXNativeTarget "Calories" */;
			buildPhases = (
				95773ABA24D1B6D0008CB6DD /* Sources */,
				95773ABB24D1B6D0008CB6DD /* Frameworks */,
				95773ABC24D1B6D0008CB6DD /* Resources */,
			);
			buildRules = (
			);
			dependencies = (
			);
			name = Calories;
			productName = Calories;
			productReference = 95773ABE24D1B6D0008CB6DD /* Calories.app */;
			productType = "com.apple.product-type.application";
		};
		95773AD324D1B6D1008CB6DD /* CaloriesTests */ = {
			isa = PBXNativeTarget;
			buildConfigurationList = 95773AE024D1B6D1008CB6DD /* Build configuration list for PBXNativeTarget "CaloriesTests" */;
			buildPhases = (
				95773AD024D1B6D1008CB6DD /* Sources */,
				95773AD124D1B6D1008CB6DD /* Frameworks */,
				95773AD224D1B6D1008CB6DD /* Resources */,
			);
			buildRules = (
			);
			dependencies = (
				95773AD624D1B6D1008CB6DD /* PBXTargetDependency */,
			);
			name = CaloriesTests;
			productName = CaloriesTests;
			productReference = 95773AD424D1B6D1008CB6DD /* CaloriesTests.xctest */;
			productType = "com.apple.product-type.bundle.unit-test";
		};
/* End PBXNativeTarget section */

/* Begin PBXProject section */
		95773AB624D1B6D0008CB6DD /* Project object */ = {
			isa = PBXProject;
			attributes = {
				LastSwiftUpdateCheck = 1160;
				LastUpgradeCheck = 1160;
				ORGANIZATIONNAME = "Matteo Manferdini";
				TargetAttributes = {
					95773ABD24D1B6D0008CB6DD = {
						CreatedOnToolsVersion = 11.6;
					};
					95773AD324D1B6D1008CB6DD = {
						CreatedOnToolsVersion = 11.6;
						TestTargetID = 95773ABD24D1B6D0008CB6DD;
					};
				};
			};
			buildConfigurationList = 95773AB924D1B6D0008CB6DD /* Build configuration list for PBXProject "Calories" */;
			compatibilityVersion = "Xcode 9.3";
			developmentRegion = en;
			hasScannedForEncodings = 0;
			knownRegions = (
				en,
				Base,
			);
			mainGroup = 95773AB524D1B6D0008CB6DD;
			productRefGroup = 95773ABF24D1B6D0008CB6DD /* Products */;
			projectDirPath = "";
			projectRoot = "";
			targets = (
				95773ABD24D1B6D0008CB6DD /* Calories */,
				95773AD324D1B6D1008CB6DD /* CaloriesTests */,
			);
		};
/* End PBXProject section */

/* Begin PBXResourcesBuildPhase section */
		95773ABC24D1B6D0008CB6DD /* Resources */ = {
			isa = PBXResourcesBuildPhase;
			buildActionMask = 2147483647;
			files = (
				95773ACE24D1B6D1008CB6DD /* LaunchScreen.storyboard in Resources */,
				95773ACB24D1B6D1008CB6DD /* Preview Assets.xcassets in Resources */,
				95773AC824D1B6D1008CB6DD /* Assets.xcassets in Resources */,
			);
			runOnlyForDeploymentPostprocessing = 0;
		};
		95773AD224D1B6D1008CB6DD /* Resources */ = {
			isa = PBXResourcesBuildPhase;
			buildActionMask = 2147483647;
			files = (
			);
			runOnlyForDeploymentPostprocessing = 0;
		};
/* End PBXResourcesBuildPhase section */

/* Begin PBXSourcesBuildPhase section */
		95773ABA24D1B6D0008CB6DD /* Sources */ = {
			isa = PBXSourcesBuildPhase;
			buildActionMask = 2147483647;
			files = (
				95773AC224D1B6D0008CB6DD /* AppDelegate.swift in Sources */,
				95773AC424D1B6D0008CB6DD /* SceneDelegate.swift in Sources */,
				95773AC624D1B6D0008CB6DD /* ContentView.swift in Sources */,
			);
			runOnlyForDeploymentPostprocessing = 0;
		};
		95773AD024D1B6D1008CB6DD /* Sources */ = {
			isa = PBXSourcesBuildPhase;
			buildActionMask = 2147483647;
			files = (
				95773AD924D1B6D1008CB6DD /* CaloriesTests.swift in Sources */,
			);
			runOnlyForDeploymentPostprocessing = 0;
		};
/* End PBXSourcesBuildPhase section */

/* Begin PBXTargetDependency section */
		95773AD624D1B6D1008CB6DD /* PBXTargetDependency */ = {
			isa = PBXTargetDependency;
			target = 95773ABD24D1B6D0008CB6DD /* Calories */;
			targetProxy = 95773AD524D1B6D1008CB6DD /* PBXContainerItemProxy */;
		};
/* End PBXTargetDependency section */

/* Begin PBXVariantGroup section */
		95773ACC24D1B6D1008CB6DD /* LaunchScreen.storyboard */ = {
			isa = PBXVariantGroup;
			children = (
				95773ACD24D1B6D1008CB6DD /* Base */,
			);
			name = LaunchScreen.storyboard;
			sourceTree = "<group>";
		};
/* End PBXVariantGroup section */

/* Begin XCBuildConfiguration section */
		95773ADB24D1B6D1008CB6DD /* Debug */ = {
			isa = XCBuildConfiguration;
			buildSettings = {
				ALWAYS_SEARCH_USER_PATHS = NO;
				CLANG_ANALYZER_NONNULL = YES;
				CLANG_ANALYZER_NUMBER_OBJECT_CONVERSION = YES_AGGRESSIVE;
				CLANG_CXX_LANGUAGE_STANDARD = "gnu++14";
				CLANG_CXX_LIBRARY = "libc++";
				CLANG_ENABLE_MODULES = YES;
				CLANG_ENABLE_OBJC_ARC = YES;
				CLANG_ENABLE_OBJC_WEAK = YES;
				CLANG_WARN_BLOCK_CAPTURE_AUTORELEASING = YES;
				CLANG_WARN_BOOL_CONVERSION = YES;
				CLANG_WARN_COMMA = YES;
				CLANG_WARN_CONSTANT_CONVERSION = YES;
				CLANG_WARN_DEPRECATED_OBJC_IMPLEMENTATIONS = YES;
				CLANG_WARN_DIRECT_OBJC_ISA_USAGE = YES_ERROR;
				CLANG_WARN_DOCUMENTATION_COMMENTS = YES;
				CLANG_WARN_EMPTY_BODY = YES;
				CLANG_WARN_ENUM_CONVERSION = YES;
				CLANG_WARN_INFINITE_RECURSION = YES;
				CLANG_WARN_INT_CONVERSION = YES;
				CLANG_WARN_NON_LITERAL_NULL_CONVERSION = YES;
				CLANG_WARN_OBJC_IMPLICIT_RETAIN_SELF = YES;
				CLANG_WARN_OBJC_LITERAL_CONVERSION = YES;
				CLANG_WARN_OBJC_ROOT_CLASS = YES_ERROR;
				CLANG_WARN_RANGE_LOOP_ANALYSIS = YES;
				CLANG_WARN_STRICT_PROTOTYPES = YES;
				CLANG_WARN_SUSPICIOUS_MOVE = YES;
				CLANG_WARN_UNGUARDED_AVAILABILITY = YES_AGGRESSIVE;
				CLANG_WARN_UNREACHABLE_CODE = YES;
				CLANG_WARN__DUPLICATE_METHOD_MATCH = YES;
				COPY_PHASE_STRIP = NO;
				DEBUG_INFORMATION_FORMAT = dwarf;
				ENABLE_STRICT_OBJC_MSGSEND = YES;
				ENABLE_TESTABILITY = YES;
				GCC_C_LANGUAGE_STANDARD = gnu11;
				GCC_DYNAMIC_NO_PIC = NO;
				GCC_NO_COMMON_BLOCKS = YES;
				GCC_OPTIMIZATION_LEVEL = 0;
				GCC_PREPROCESSOR_DEFINITIONS = (
					"DEBUG=1",
					"$(inherited)",
				);
				GCC_WARN_64_TO_32_BIT_CONVERSION = YES;
				GCC_WARN_ABOUT_RETURN_TYPE = YES_ERROR;
				GCC_WARN_UNDECLARED_SELECTOR = YES;
				GCC_WARN_UNINITIALIZED_AUTOS = YES_AGGRESSIVE;
				GCC_WARN_UNUSED_FUNCTION = YES;
				GCC_WARN_UNUSED_VARIABLE = YES;
				IPHONEOS_DEPLOYMENT_TARGET = 13.6;
				MTL_ENABLE_DEBUG_INFO = INCLUDE_SOURCE;
				MTL_FAST_MATH = YES;
				ONLY_ACTIVE_ARCH = YES;
				SDKROOT = iphoneos;
				SWIFT_ACTIVE_COMPILATION_CONDITIONS = DEBUG;
				SWIFT_OPTIMIZATION_LEVEL = "-Onone";
			};
			name = Debug;
		};
		95773ADC24D1B6D1008CB6DD /* Release */ = {
			isa = XCBuildConfiguration;
			buildSettings = {
				ALWAYS_SEARCH_USER_PATHS = NO;
				CLANG_ANALYZER_NONNULL = YES;
				CLANG_ANALYZER_NUMBER_OBJECT_CONVERSION = YES_AGGRESSIVE;
				CLANG_CXX_LANGUAGE_STANDARD = "gnu++14";
				CLANG_CXX_LIBRARY = "libc++";
				CLANG_ENABLE_MODULES = YES;
				CLANG_ENABLE_OBJC_ARC = YES;
				CLANG_ENABLE_OBJC_WEAK = YES;
				CLANG_WARN_BLOCK_CAPTURE_AUTORELEASING = YES;
				CLANG_WARN_BOOL_CONVERSION = YES;
				CLANG_WARN_COMMA = YES;
				CLANG_WARN_CONSTANT_CONVERSION = YES;
				CLANG_WARN_DEPRECATED_OBJC_IMPLEMENTATIONS = YES;
				CLANG_WARN_DIRECT_OBJC_ISA_USAGE = YES_ERROR;
				CLANG_WARN_DOCUMENTATION_COMMENTS = YES;
				CLANG_WARN_EMPTY_BODY = YES;
				CLANG_WARN_ENUM_CONVERSION = YES;
				CLANG_WARN_INFINITE_RECURSION = YES;
				CLANG_WARN_INT_CONVERSION = YES;
				CLANG_WARN_NON_LITERAL_NULL_CONVERSION = YES;
				CLANG_WARN_OBJC_IMPLICIT_RETAIN_SELF = YES;
				CLANG_WARN_OBJC_LITERAL_CONVERSION = YES;
				CLANG_WARN_OBJC_ROOT_CLASS = YES_ERROR;
				CLANG_WARN_RANGE_LOOP_ANALYSIS = YES;
				CLANG_WARN_STRICT_PROTOTYPES = YES;
				CLANG_WARN_SUSPICIOUS_MOVE = YES;
				CLANG_WARN_UNGUARDED_AVAILABILITY = YES_AGGRESSIVE;
				CLANG_WARN_UNREACHABLE_CODE = YES;
				CLANG_WARN__DUPLICATE_METHOD_MATCH = YES;
				COPY_PHASE_STRIP = NO;
				DEBUG_INFORMATION_FORMAT = "dwarf-with-dsym";
				ENABLE_NS_ASSERTIONS = NO;
				ENABLE_STRICT_OBJC_MSGSEND = YES;
				GCC_C_LANGUAGE_STANDARD = gnu11;
				GCC_NO_COMMON_BLOCKS = YES;
				GCC_WARN_64_TO_32_BIT_CONVERSION = YES;
				GCC_WARN_ABOUT_RETURN_TYPE = YES_ERROR;
				GCC_WARN_UNDECLARED_SELECTOR = YES;
				GCC_WARN_UNINITIALIZED_AUTOS = YES_AGGRESSIVE;
				GCC_WARN_UNUSED_FUNCTION = YES;
				GCC_WARN_UNUSED_VARIABLE = YES;
				IPHONEOS_DEPLOYMENT_TARGET = 13.6;
				MTL_ENABLE_DEBUG_INFO = NO;
				MTL_FAST_MATH = YES;
				SDKROOT = iphoneos;
				SWIFT_COMPILATION_MODE = wholemodule;
				SWIFT_OPTIMIZATION_LEVEL = "-O";
				VALIDATE_PRODUCT = YES;
			};
			name = Release;
		};
		95773ADE24D1B6D1008CB6DD /* Debug */ = {
			isa = XCBuildConfiguration;
			buildSettings = {
				ASSETCATALOG_COMPILER_APPICON_NAME = AppIcon;
				CODE_SIGN_STYLE = Automatic;
				DEVELOPMENT_ASSET_PATHS = "\"Calories/Preview Content\"";
				DEVELOPMENT_TEAM = DU7ZKD3PP7;
				ENABLE_PREVIEWS = YES;
				INFOPLIST_FILE = Calories/Info.plist;
				LD_RUNPATH_SEARCH_PATHS = (
					"$(inherited)",
					"@executable_path/Frameworks",
				);
				PRODUCT_BUNDLE_IDENTIFIER = com.purecreek.Calories;
				PRODUCT_NAME = "$(TARGET_NAME)";
				SWIFT_VERSION = 5.0;
				TARGETED_DEVICE_FAMILY = "1,2";
			};
			name = Debug;
		};
		95773ADF24D1B6D1008CB6DD /* Release */ = {
			isa = XCBuildConfiguration;
			buildSettings = {
				ASSETCATALOG_COMPILER_APPICON_NAME = AppIcon;
				CODE_SIGN_STYLE = Automatic;
				DEVELOPMENT_ASSET_PATHS = "\"Calories/Preview Content\"";
				DEVELOPMENT_TEAM = DU7ZKD3PP7;
				ENABLE_PREVIEWS = YES;
				INFOPLIST_FILE = Calories/Info.plist;
				LD_RUNPATH_SEARCH_PATHS = (
					"$(inherited)",
					"@executable_path/Frameworks",
				);
				PRODUCT_BUNDLE_IDENTIFIER = com.purecreek.Calories;
				PRODUCT_NAME = "$(TARGET_NAME)";
				SWIFT_VERSION = 5.0;
				TARGETED_DEVICE_FAMILY = "1,2";
			};
			name = Release;
		};
		95773AE124D1B6D1008CB6DD /* Debug */ = {
			isa = XCBuildConfiguration;
			buildSettings = {
				ALWAYS_EMBED_SWIFT_STANDARD_LIBRARIES = YES;
				BUNDLE_LOADER = "$(TEST_HOST)";
				CODE_SIGN_STYLE = Automatic;
				DEVELOPMENT_TEAM = DU7ZKD3PP7;
				INFOPLIST_FILE = CaloriesTests/Info.plist;
				IPHONEOS_DEPLOYMENT_TARGET = 13.6;
				LD_RUNPATH_SEARCH_PATHS = (
					"$(inherited)",
					"@executable_path/Frameworks",
					"@loader_path/Frameworks",
				);
				PRODUCT_BUNDLE_IDENTIFIER = com.purecreek.CaloriesTests;
				PRODUCT_NAME = "$(TARGET_NAME)";
				SWIFT_VERSION = 5.0;
				TARGETED_DEVICE_FAMILY = "1,2";
				TEST_HOST = "$(BUILT_PRODUCTS_DIR)/Calories.app/Calories";
			};
			name = Debug;
		};
		95773AE224D1B6D1008CB6DD /* Release */ = {
			isa = XCBuildConfiguration;
			buildSettings = {
				ALWAYS_EMBED_SWIFT_STANDARD_LIBRARIES = YES;
				BUNDLE_LOADER = "$(TEST_HOST)";
				CODE_SIGN_STYLE = Automatic;
				DEVELOPMENT_TEAM = DU7ZKD3PP7;
				INFOPLIST_FILE = CaloriesTests/Info.plist;
				IPHONEOS_DEPLOYMENT_TARGET = 13.6;
				LD_RUNPATH_SEARCH_PATHS = (
					"$(inherited)",
					"@executable_path/Frameworks",
					"@loader_path/Frameworks",
				);
				PRODUCT_BUNDLE_IDENTIFIER = com.purecreek.CaloriesTests;
				PRODUCT_NAME = "$(TARGET_NAME)";
				SWIFT_VERSION = 5.0;
				TARGETED_DEVICE_FAMILY = "1,2";
				TEST_HOST = "$(BUILT_PRODUCTS_DIR)/Calories.app/Calories";
			};
			name = Release;
		};
/* End XCBuildConfiguration section */

/* Begin XCConfigurationList section */
		95773AB924D1B6D0008CB6DD /* Build configuration list for PBXProject "Calories" */ = {
			isa = XCConfigurationList;
			buildConfigurations = (
				95773ADB24D1B6D1008CB6DD /* Debug */,
				95773ADC24D1B6D1008CB6DD /* Release */,
			);
			defaultConfigurationIsVisible = 0;
			defaultConfigurationName = Release;
		};
		95773ADD24D1B6D1008CB6DD /* Build configuration list for PBXNativeTarget "Calories" */ = {
			isa = XCConfigurationList;
			buildConfigurations = (
				95773ADE24D1B6D1008CB6DD /* Debug */,
				95773ADF24D1B6D1008CB6DD /* Release */,
			);
			defaultConfigurationIsVisible = 0;
			defaultConfigurationName = Release;
		};
		95773AE024D1B6D1008CB6DD /* Build configuration list for PBXNativeTarget "CaloriesTests" */ = {
			isa = XCConfigurationList;
			buildConfigurations = (
				95773AE124D1B6D1008CB6DD /* Debug */,
				95773AE224D1B6D1008CB6DD /* Release */,
			);
			defaultConfigurationIsVisible = 0;
			defaultConfigurationName = Release;
		};
/* End XCConfigurationList section */
	};
	rootObject = 95773AB624D1B6D0008CB6DD /* Project object */;
}
